
Microsoft Visual Studio Solution File, Format Version 12.00
Project("{2150E333-8FDC-42A3-9474-1A3956D46DE8}") = "Src", "Src", "{D458D8F1-CAFF-47F8-81F1-7A0EA5F3D46A}"
EndProject
Project("{2150E333-8FDC-42A3-9474-1A3956D46DE8}") = "BuildingBlocks", "BuildingBlocks", "{4053C52E-902E-484A-8C36-DCCB807F974C}"
EndProject
Project("{2150E333-8FDC-42A3-9474-1A3956D46DE8}") = "Services", "Services", "{1B7DB4D0-13BA-4695-AC94-8E5AD428795D}"
EndProject
Project("{2150E333-8FDC-42A3-9474-1A3956D46DE8}") = "Web", "Web", "{646BE005-9747-4088-9F17-CECF3A6DFA66}"
EndProject
Project("{2150E333-8FDC-42A3-9474-1A3956D46DE8}") = "Identidate", "Identidate", "{5F24AE1C-569A-4577-A333-D5C3845DBCCF}"
EndProject
Project("{FAE04EC0-301F-11D3-BF4B-00C04F79EFBC}") = "NSE.Identidade.Api", "Src\Services\NSE.Identidade.Api\NSE.Identidade.Api.csproj", "{2A01BC76-7442-48D7-9ABD-EC6E7E346B8C}"
EndProject
Project("{2150E333-8FDC-42A3-9474-1A3956D46DE8}") = "Mvc", "Mvc", "{0D63AACB-4803-43F5-97A7-B1F8C70BCE77}"
EndProject
Project("{FAE04EC0-301F-11D3-BF4B-00C04F79EFBC}") = "NSE.WebApp.Mvc", "Src\Web\NSE.WebApp.Mvc\NSE.WebApp.Mvc.csproj", "{04D31868-925A-449F-B30A-261298CDBCC0}"
EndProject
Project("{2150E333-8FDC-42A3-9474-1A3956D46DE8}") = "Core", "Core", "{6F476E81-CDCB-4C41-A129-27E63872BE18}"
EndProject
Project("{FAE04EC0-301F-11D3-BF4B-00C04F79EFBC}") = "NDS.Core", "Src\BuildingBlocks\NDS.Core\NDS.Core.csproj", "{2388F32A-DCC2-4344-A3A6-B2C4D127E0E7}"
EndProject
Project("{2150E333-8FDC-42A3-9474-1A3956D46DE8}") = "Pedido", "Pedido", "{B46D4557-1F04-43B2-8559-B3FBB80C3B8D}"
EndProject
Project("{FAE04EC0-301F-11D3-BF4B-00C04F79EFBC}") = "NSE.Pedido.Api", "Src\Services\NSE.Pedido.Api\NSE.Pedido.Api.csproj", "{AA7D7720-C989-4BBC-9AB4-B41892D5CCC5}"
EndProject
Project("{2150E333-8FDC-42A3-9474-1A3956D46DE8}") = "Carrinho", "Carrinho", "{F536BE0C-9476-4797-9A2A-22D35AF3D0B7}"
EndProject
Project("{FAE04EC0-301F-11D3-BF4B-00C04F79EFBC}") = "NSE.Carrinho.Api", "Src\Services\NSE.Carrinho.Api\NSE.Carrinho.Api.csproj", "{78495690-03C0-4B1D-8B4F-C4699153122B}"
EndProject
Project("{2150E333-8FDC-42A3-9474-1A3956D46DE8}") = "Catalogo", "Catalogo", "{74102F6E-C84C-45E4-BDC9-F4EDE6D657AA}"
EndProject
Project("{FAE04EC0-301F-11D3-BF4B-00C04F79EFBC}") = "NSE.Catalogo.Api", "Src\Services\NSE.Catalogo.Api\NSE.Catalogo.Api.csproj", "{7CDA850A-1E7B-4C8F-918F-AC374952CE13}"
EndProject
Project("{2150E333-8FDC-42A3-9474-1A3956D46DE8}") = "Cliente", "Cliente", "{DD85D9C8-445F-4611-AEB9-D6775976A55E}"
EndProject
Project("{FAE04EC0-301F-11D3-BF4B-00C04F79EFBC}") = "NSE.Cliente.Api", "Src\Services\NSE.Cliente.Api\NSE.Cliente.Api.csproj", "{E0393984-F24F-46CF-8B49-2DB412FA6DDF}"
EndProject
Project("{2150E333-8FDC-42A3-9474-1A3956D46DE8}") = "Pagamento", "Pagamento", "{7DF6024A-C88E-43A1-B636-B8DC95ADADDF}"
EndProject
Project("{FAE04EC0-301F-11D3-BF4B-00C04F79EFBC}") = "NSE.Pagamento.Api", "Src\Services\NSE.Pagamento.Api\NSE.Pagamento.Api.csproj", "{C3909FC1-89BC-4E65-8C3E-6F5527995308}"
EndProject
Global
	GlobalSection(SolutionConfigurationPlatforms) = preSolution
		Debug|Any CPU = Debug|Any CPU
		Release|Any CPU = Release|Any CPU
	EndGlobalSection
	GlobalSection(NestedProjects) = preSolution
		{4053C52E-902E-484A-8C36-DCCB807F974C} = {D458D8F1-CAFF-47F8-81F1-7A0EA5F3D46A}
		{1B7DB4D0-13BA-4695-AC94-8E5AD428795D} = {D458D8F1-CAFF-47F8-81F1-7A0EA5F3D46A}
		{646BE005-9747-4088-9F17-CECF3A6DFA66} = {D458D8F1-CAFF-47F8-81F1-7A0EA5F3D46A}
		{5F24AE1C-569A-4577-A333-D5C3845DBCCF} = {1B7DB4D0-13BA-4695-AC94-8E5AD428795D}
		{2A01BC76-7442-48D7-9ABD-EC6E7E346B8C} = {5F24AE1C-569A-4577-A333-D5C3845DBCCF}
		{0D63AACB-4803-43F5-97A7-B1F8C70BCE77} = {646BE005-9747-4088-9F17-CECF3A6DFA66}
		{04D31868-925A-449F-B30A-261298CDBCC0} = {0D63AACB-4803-43F5-97A7-B1F8C70BCE77}
		{6F476E81-CDCB-4C41-A129-27E63872BE18} = {4053C52E-902E-484A-8C36-DCCB807F974C}
		{2388F32A-DCC2-4344-A3A6-B2C4D127E0E7} = {6F476E81-CDCB-4C41-A129-27E63872BE18}
		{B46D4557-1F04-43B2-8559-B3FBB80C3B8D} = {1B7DB4D0-13BA-4695-AC94-8E5AD428795D}
		{AA7D7720-C989-4BBC-9AB4-B41892D5CCC5} = {B46D4557-1F04-43B2-8559-B3FBB80C3B8D}
		{F536BE0C-9476-4797-9A2A-22D35AF3D0B7} = {1B7DB4D0-13BA-4695-AC94-8E5AD428795D}
		{78495690-03C0-4B1D-8B4F-C4699153122B} = {F536BE0C-9476-4797-9A2A-22D35AF3D0B7}
		{74102F6E-C84C-45E4-BDC9-F4EDE6D657AA} = {1B7DB4D0-13BA-4695-AC94-8E5AD428795D}
		{7CDA850A-1E7B-4C8F-918F-AC374952CE13} = {74102F6E-C84C-45E4-BDC9-F4EDE6D657AA}
		{DD85D9C8-445F-4611-AEB9-D6775976A55E} = {1B7DB4D0-13BA-4695-AC94-8E5AD428795D}
		{E0393984-F24F-46CF-8B49-2DB412FA6DDF} = {DD85D9C8-445F-4611-AEB9-D6775976A55E}
		{7DF6024A-C88E-43A1-B636-B8DC95ADADDF} = {1B7DB4D0-13BA-4695-AC94-8E5AD428795D}
		{C3909FC1-89BC-4E65-8C3E-6F5527995308} = {7DF6024A-C88E-43A1-B636-B8DC95ADADDF}
	EndGlobalSection
	GlobalSection(ProjectConfigurationPlatforms) = postSolution
		{2A01BC76-7442-48D7-9ABD-EC6E7E346B8C}.Debug|Any CPU.ActiveCfg = Debug|Any CPU
		{2A01BC76-7442-48D7-9ABD-EC6E7E346B8C}.Debug|Any CPU.Build.0 = Debug|Any CPU
		{2A01BC76-7442-48D7-9ABD-EC6E7E346B8C}.Release|Any CPU.ActiveCfg = Release|Any CPU
		{2A01BC76-7442-48D7-9ABD-EC6E7E346B8C}.Release|Any CPU.Build.0 = Release|Any CPU
		{04D31868-925A-449F-B30A-261298CDBCC0}.Debug|Any CPU.ActiveCfg = Debug|Any CPU
		{04D31868-925A-449F-B30A-261298CDBCC0}.Debug|Any CPU.Build.0 = Debug|Any CPU
		{04D31868-925A-449F-B30A-261298CDBCC0}.Release|Any CPU.ActiveCfg = Release|Any CPU
		{04D31868-925A-449F-B30A-261298CDBCC0}.Release|Any CPU.Build.0 = Release|Any CPU
		{2388F32A-DCC2-4344-A3A6-B2C4D127E0E7}.Debug|Any CPU.ActiveCfg = Debug|Any CPU
		{2388F32A-DCC2-4344-A3A6-B2C4D127E0E7}.Debug|Any CPU.Build.0 = Debug|Any CPU
		{2388F32A-DCC2-4344-A3A6-B2C4D127E0E7}.Release|Any CPU.ActiveCfg = Release|Any CPU
		{2388F32A-DCC2-4344-A3A6-B2C4D127E0E7}.Release|Any CPU.Build.0 = Release|Any CPU
		{AA7D7720-C989-4BBC-9AB4-B41892D5CCC5}.Debug|Any CPU.ActiveCfg = Debug|Any CPU
		{AA7D7720-C989-4BBC-9AB4-B41892D5CCC5}.Debug|Any CPU.Build.0 = Debug|Any CPU
		{AA7D7720-C989-4BBC-9AB4-B41892D5CCC5}.Release|Any CPU.ActiveCfg = Release|Any CPU
		{AA7D7720-C989-4BBC-9AB4-B41892D5CCC5}.Release|Any CPU.Build.0 = Release|Any CPU
		{78495690-03C0-4B1D-8B4F-C4699153122B}.Debug|Any CPU.ActiveCfg = Debug|Any CPU
		{78495690-03C0-4B1D-8B4F-C4699153122B}.Debug|Any CPU.Build.0 = Debug|Any CPU
		{78495690-03C0-4B1D-8B4F-C4699153122B}.Release|Any CPU.ActiveCfg = Release|Any CPU
		{78495690-03C0-4B1D-8B4F-C4699153122B}.Release|Any CPU.Build.0 = Release|Any CPU
		{7CDA850A-1E7B-4C8F-918F-AC374952CE13}.Debug|Any CPU.ActiveCfg = Debug|Any CPU
		{7CDA850A-1E7B-4C8F-918F-AC374952CE13}.Debug|Any CPU.Build.0 = Debug|Any CPU
		{7CDA850A-1E7B-4C8F-918F-AC374952CE13}.Release|Any CPU.ActiveCfg = Release|Any CPU
		{7CDA850A-1E7B-4C8F-918F-AC374952CE13}.Release|Any CPU.Build.0 = Release|Any CPU
		{E0393984-F24F-46CF-8B49-2DB412FA6DDF}.Debug|Any CPU.ActiveCfg = Debug|Any CPU
		{E0393984-F24F-46CF-8B49-2DB412FA6DDF}.Debug|Any CPU.Build.0 = Debug|Any CPU
		{E0393984-F24F-46CF-8B49-2DB412FA6DDF}.Release|Any CPU.ActiveCfg = Release|Any CPU
		{E0393984-F24F-46CF-8B49-2DB412FA6DDF}.Release|Any CPU.Build.0 = Release|Any CPU
		{C3909FC1-89BC-4E65-8C3E-6F5527995308}.Debug|Any CPU.ActiveCfg = Debug|Any CPU
		{C3909FC1-89BC-4E65-8C3E-6F5527995308}.Debug|Any CPU.Build.0 = Debug|Any CPU
		{C3909FC1-89BC-4E65-8C3E-6F5527995308}.Release|Any CPU.ActiveCfg = Release|Any CPU
		{C3909FC1-89BC-4E65-8C3E-6F5527995308}.Release|Any CPU.Build.0 = Release|Any CPU
	EndGlobalSection
EndGlobal
